<?xml version="1.0" encoding="utf-8"?>
<Project ToolsVersion="4.0" xmlns="http://schemas.microsoft.com/developer/msbuild/2003">
  <ItemGroup>
    <Filter Include="Source Files">
      <UniqueIdentifier>{4FC737F1-C7A5-4376-A066-2A32D752A2FF}</UniqueIdentifier>
      <Extensions>cpp;c;cc;cxx;def;odl;idl;hpj;bat;asm;asmx</Extensions>
    </Filter>
    <Filter Include="Resource Files">
      <UniqueIdentifier>{67DA6AB6-F800-4c08-8B7A-83BB121AAD01}</UniqueIdentifier>
      <Extensions>rc;ico;cur;bmp;dlg;rc2;rct;bin;rgs;gif;jpg;jpeg;jpe;resx;tiff;tif;png;wav;mfcribbon-ms</Extensions>
    </Filter>
    <Filter Include="shaders">
      <UniqueIdentifier>{adc6ed15-7c72-4e75-9862-e06f610f4bae}</UniqueIdentifier>
    </Filter>
  </ItemGroup>
  <ItemGroup>
    <Text Include="ReadMe.txt" />
    <Text Include="Controls.txt" />
  </ItemGroup>
  <ItemGroup>
    <ClInclude Include="GHGUITool.h">
      <Filter>Source Files</Filter>
    </ClInclude>
    <ClInclude Include="Resource.h">
      <Filter>Source Files</Filter>
    </ClInclude>
    <ClInclude Include="stdafx.h">
      <Filter>Source Files</Filter>
    </ClInclude>
    <ClInclude Include="targetver.h">
      <Filter>Source Files</Filter>
    </ClInclude>
    <ClInclude Include="GHGUIToolApp.h">
      <Filter>Source Files</Filter>
    </ClInclude>
    <ClInclude Include="GTInputHandler.h">
      <Filter>Source Files</Filter>
    </ClInclude>
    <ClInclude Include="GTIdentifiers.h">
      <Filter>Source Files</Filter>
    </ClInclude>
    <ClInclude Include="GTGUINavigator.h">
      <Filter>Source Files</Filter>
    </ClInclude>
    <ClInclude Include="GTConsoleToggler.h">
      <Filter>Source Files</Filter>
    </ClInclude>
    <ClInclude Include="GTCommandStringHandler.h">
      <Filter>Source Files</Filter>
    </ClInclude>
    <ClInclude Include="GTPosDescConverter.h">
      <Filter>Source Files</Filter>
    </ClInclude>
    <ClInclude Include="GTInfoDisplayer.h">
      <Filter>Source Files</Filter>
    </ClInclude>
    <ClInclude Include="GTUndoStack.h">
      <Filter>Source Files</Filter>
    </ClInclude>
    <ClInclude Include="GTChange.h">
      <Filter>Source Files</Filter>
    </ClInclude>
    <ClInclude Include="GTSaver.h">
      <Filter>Source Files</Filter>
    </ClInclude>
    <ClInclude Include="GTUtil.h">
      <Filter>Source Files</Filter>
    </ClInclude>
    <ClInclude Include="GTSelectionHighlighter.h">
      <Filter>Source Files</Filter>
    </ClInclude>
    <ClInclude Include="GTClearer.h">
      <Filter>Source Files</Filter>
    </ClInclude>
    <ClInclude Include="GTMetadataList.h">
      <Filter>Source Files</Filter>
    </ClInclude>
    <ClInclude Include="GTChangePusher.h">
      <Filter>Source Files</Filter>
    </ClInclude>
    <ClInclude Include="GTMoveType.h">
      <Filter>Source Files</Filter>
    </ClInclude>
  </ItemGroup>
  <ItemGroup>
    <ClCompile Include="stdafx.cpp">
      <Filter>Source Files</Filter>
    </ClCompile>
    <ClCompile Include="GHGUITool.cpp">
      <Filter>Source Files</Filter>
    </ClCompile>
    <ClCompile Include="GHGUIToolApp.cpp">
      <Filter>Source Files</Filter>
    </ClCompile>
    <ClCompile Include="GTInputHandler.cpp">
      <Filter>Source Files</Filter>
    </ClCompile>
    <ClCompile Include="GTGUINavigator.cpp">
      <Filter>Source Files</Filter>
    </ClCompile>
    <ClCompile Include="GTConsoleToggler.cpp">
      <Filter>Source Files</Filter>
    </ClCompile>
    <ClCompile Include="GTCommandStringHandler.cpp">
      <Filter>Source Files</Filter>
    </ClCompile>
    <ClCompile Include="GTPosDescConverter.cpp">
      <Filter>Source Files</Filter>
    </ClCompile>
    <ClCompile Include="GTInfoDisplayer.cpp">
      <Filter>Source Files</Filter>
    </ClCompile>
    <ClCompile Include="GTUndoStack.cpp">
      <Filter>Source Files</Filter>
    </ClCompile>
    <ClCompile Include="GTSaver.cpp">
      <Filter>Source Files</Filter>
    </ClCompile>
    <ClCompile Include="GTUtil.cpp">
      <Filter>Source Files</Filter>
    </ClCompile>
    <ClCompile Include="GTSelectionHighlighter.cpp">
      <Filter>Source Files</Filter>
    </ClCompile>
    <ClCompile Include="GTClearer.cpp">
      <Filter>Source Files</Filter>
    </ClCompile>
    <ClCompile Include="GTMetadataList.cpp">
      <Filter>Source Files</Filter>
    </ClCompile>
    <ClCompile Include="GTChangePusher.cpp">
      <Filter>Source Files</Filter>
    </ClCompile>
  </ItemGroup>
  <ItemGroup>
    <ResourceCompile Include="GHGUITool.rc">
      <Filter>Resource Files</Filter>
    </ResourceCompile>
  </ItemGroup>
  <ItemGroup>
    <Image Include="small.ico">
      <Filter>Resource Files</Filter>
    </Image>
    <Image Include="GHGUITool.ico">
      <Filter>Resource Files</Filter>
    </Image>
  </ItemGroup>
  <ItemGroup>
    <FxCompile Include="..\..\..\data\DX11Shaders\colorpixel.hlsl">
      <Filter>shaders</Filter>
    </FxCompile>
    <FxCompile Include="..\..\..\data\DX11Shaders\fontpixel.hlsl">
      <Filter>shaders</Filter>
    </FxCompile>
    <FxCompile Include="..\..\..\data\DX11Shaders\fontvertex.hlsl">
      <Filter>shaders</Filter>
    </FxCompile>
    <FxCompile Include="..\..\..\data\DX11Shaders\guipixel.hlsl">
      <Filter>shaders</Filter>
    </FxCompile>
    <FxCompile Include="..\..\..\data\DX11Shaders\guivertex.hlsl">
      <Filter>shaders</Filter>
    </FxCompile>
    <FxCompile Include="..\..\..\data\DX11Shaders\pixel-1tex.hlsl">
      <Filter>shaders</Filter>
    </FxCompile>
  </ItemGroup>
</Project>