
Microsoft Visual Studio Solution File, Format Version 12.00
# Visual Studio Version 16
VisualStudioVersion = 16.0.29926.136
MinimumVisualStudioVersion = 10.0.40219.1
Project("{8BC9CEB8-8B4A-11D0-8D11-00A0C91BC942}") = "GHGUITool", "GHGUITool\GHGUITool.vcxproj", "{3D74A8EB-13D2-4521-BDC8-CDC3C8F71FD3}"
	ProjectSection(ProjectDependencies) = postProject
		{D7673B02-3CB5-4914-A932-754DD756AF3D} = {D7673B02-3CB5-4914-A932-754DD756AF3D}
		{B4E3FA26-3A8A-475A-B6B8-D94A85AC95AD} = {B4E3FA26-3A8A-475A-B6B8-D94A85AC95AD}
		{3B229936-F72E-4CFE-8C5C-136FA00E1360} = {3B229936-F72E-4CFE-8C5C-136FA00E1360}
		{E24D1163-F923-43F3-A8C4-CB4C2A258E2A} = {E24D1163-F923-43F3-A8C4-CB4C2A258E2A}
		{D790FD89-3429-4A85-AB26-683D1ECD33CE} = {D790FD89-3429-4A85-AB26-683D1ECD33CE}
		{A855BDAF-0532-4E62-9278-A68E138618A8} = {A855BDAF-0532-4E62-9278-A68E138618A8}
		{0EFEFAD0-1D3C-46E4-AFCD-4E80E24FC81A} = {0EFEFAD0-1D3C-46E4-AFCD-4E80E24FC81A}
		{86D104DA-766E-4975-87EB-726FBFE11964} = {86D104DA-766E-4975-87EB-726FBFE11964}
	EndProjectSection
EndProject
Project("{8BC9CEB8-8B4A-11D0-8D11-00A0C91BC942}") = "BaseWin32", "..\..\src\win32\BaseWin32\BaseWin32.vcxproj", "{D7673B02-3CB5-4914-A932-754DD756AF3D}"
	ProjectSection(ProjectDependencies) = postProject
		{B4E3FA26-3A8A-475A-B6B8-D94A85AC95AD} = {B4E3FA26-3A8A-475A-B6B8-D94A85AC95AD}
		{3B229936-F72E-4CFE-8C5C-136FA00E1360} = {3B229936-F72E-4CFE-8C5C-136FA00E1360}
	EndProjectSection
EndProject
Project("{8BC9CEB8-8B4A-11D0-8D11-00A0C91BC942}") = "DX11Win32", "..\..\src\win32\DX11Win32\DX11Win32.vcxproj", "{0EFEFAD0-1D3C-46E4-AFCD-4E80E24FC81A}"
	ProjectSection(ProjectDependencies) = postProject
		{B4E3FA26-3A8A-475A-B6B8-D94A85AC95AD} = {B4E3FA26-3A8A-475A-B6B8-D94A85AC95AD}
		{3B229936-F72E-4CFE-8C5C-136FA00E1360} = {3B229936-F72E-4CFE-8C5C-136FA00E1360}
	EndProjectSection
EndProject
Project("{8BC9CEB8-8B4A-11D0-8D11-00A0C91BC942}") = "SimWin32", "..\..\src\win32\SimWin32\SimWin32\SimWin32.vcxproj", "{D790FD89-3429-4A85-AB26-683D1ECD33CE}"
	ProjectSection(ProjectDependencies) = postProject
		{B4E3FA26-3A8A-475A-B6B8-D94A85AC95AD} = {B4E3FA26-3A8A-475A-B6B8-D94A85AC95AD}
		{3B229936-F72E-4CFE-8C5C-136FA00E1360} = {3B229936-F72E-4CFE-8C5C-136FA00E1360}
	EndProjectSection
EndProject
Project("{8BC9CEB8-8B4A-11D0-8D11-00A0C91BC942}") = "GUIWin32", "..\..\src\win32\GUIWin32\GUIWin32\GUIWin32.vcxproj", "{A855BDAF-0532-4E62-9278-A68E138618A8}"
EndProject
Project("{8BC9CEB8-8B4A-11D0-8D11-00A0C91BC942}") = "GHWin32", "..\..\src\win32\GHWin32\GHWin32.vcxproj", "{E24D1163-F923-43F3-A8C4-CB4C2A258E2A}"
	ProjectSection(ProjectDependencies) = postProject
		{B4E3FA26-3A8A-475A-B6B8-D94A85AC95AD} = {B4E3FA26-3A8A-475A-B6B8-D94A85AC95AD}
		{3B229936-F72E-4CFE-8C5C-136FA00E1360} = {3B229936-F72E-4CFE-8C5C-136FA00E1360}
	EndProjectSection
EndProject
Project("{8BC9CEB8-8B4A-11D0-8D11-00A0C91BC942}") = "GameWin32", "..\..\src\win32\GameWin32\GameWin32\GameWin32.vcxproj", "{86D104DA-766E-4975-87EB-726FBFE11964}"
	ProjectSection(ProjectDependencies) = postProject
		{B4E3FA26-3A8A-475A-B6B8-D94A85AC95AD} = {B4E3FA26-3A8A-475A-B6B8-D94A85AC95AD}
		{3B229936-F72E-4CFE-8C5C-136FA00E1360} = {3B229936-F72E-4CFE-8C5C-136FA00E1360}
	EndProjectSection
EndProject
Project("{8BC9CEB8-8B4A-11D0-8D11-00A0C91BC942}") = "RenderWin32", "..\..\src\win32\RenderWin32\Render\Render.vcxproj", "{D4E9200C-6008-4B2D-BFAD-EFC758F47FCA}"
	ProjectSection(ProjectDependencies) = postProject
		{B4E3FA26-3A8A-475A-B6B8-D94A85AC95AD} = {B4E3FA26-3A8A-475A-B6B8-D94A85AC95AD}
		{3B229936-F72E-4CFE-8C5C-136FA00E1360} = {3B229936-F72E-4CFE-8C5C-136FA00E1360}
	EndProjectSection
EndProject
Project("{8BC9CEB8-8B4A-11D0-8D11-00A0C91BC942}") = "GHPlatformWin32", "..\..\src\GHPlatform\win32\GHPlatformWin32\GHPlatformWin32.vcxproj", "{3B229936-F72E-4CFE-8C5C-136FA00E1360}"
	ProjectSection(ProjectDependencies) = postProject
		{B4E3FA26-3A8A-475A-B6B8-D94A85AC95AD} = {B4E3FA26-3A8A-475A-B6B8-D94A85AC95AD}
	EndProjectSection
EndProject
Project("{8BC9CEB8-8B4A-11D0-8D11-00A0C91BC942}") = "GHStringWin32", "..\..\src\GHString\win32\GHStringWin32\GHStringWin32.vcxproj", "{B4E3FA26-3A8A-475A-B6B8-D94A85AC95AD}"
EndProject
Global
	GlobalSection(SolutionConfigurationPlatforms) = preSolution
		Debug|Win32 = Debug|Win32
		Debug|x64 = Debug|x64
		DebugWin10|Win32 = DebugWin10|Win32
		DebugWin10|x64 = DebugWin10|x64
		Release|Win32 = Release|Win32
		Release|x64 = Release|x64
		ReleaseWin10|Win32 = ReleaseWin10|Win32
		ReleaseWin10|x64 = ReleaseWin10|x64
		Release-Win7|Win32 = Release-Win7|Win32
		Release-Win7|x64 = Release-Win7|x64
		retail|Win32 = retail|Win32
		retail|x64 = retail|x64
		speedbug|Win32 = speedbug|Win32
		speedbug|x64 = speedbug|x64
		speedbugWin10|Win32 = speedbugWin10|Win32
		speedbugWin10|x64 = speedbugWin10|x64
	EndGlobalSection
	GlobalSection(ProjectConfigurationPlatforms) = postSolution
		{3D74A8EB-13D2-4521-BDC8-CDC3C8F71FD3}.Debug|Win32.ActiveCfg = Debug|Win32
		{3D74A8EB-13D2-4521-BDC8-CDC3C8F71FD3}.Debug|Win32.Build.0 = Debug|Win32
		{3D74A8EB-13D2-4521-BDC8-CDC3C8F71FD3}.Debug|x64.ActiveCfg = Debug|Win32
		{3D74A8EB-13D2-4521-BDC8-CDC3C8F71FD3}.DebugWin10|Win32.ActiveCfg = Debug|Win32
		{3D74A8EB-13D2-4521-BDC8-CDC3C8F71FD3}.DebugWin10|Win32.Build.0 = Debug|Win32
		{3D74A8EB-13D2-4521-BDC8-CDC3C8F71FD3}.DebugWin10|x64.ActiveCfg = Release|Win32
		{3D74A8EB-13D2-4521-BDC8-CDC3C8F71FD3}.DebugWin10|x64.Build.0 = Release|Win32
		{3D74A8EB-13D2-4521-BDC8-CDC3C8F71FD3}.Release|Win32.ActiveCfg = Release|Win32
		{3D74A8EB-13D2-4521-BDC8-CDC3C8F71FD3}.Release|Win32.Build.0 = Release|Win32
		{3D74A8EB-13D2-4521-BDC8-CDC3C8F71FD3}.Release|x64.ActiveCfg = Release|Win32
		{3D74A8EB-13D2-4521-BDC8-CDC3C8F71FD3}.ReleaseWin10|Win32.ActiveCfg = Release|Win32
		{3D74A8EB-13D2-4521-BDC8-CDC3C8F71FD3}.ReleaseWin10|Win32.Build.0 = Release|Win32
		{3D74A8EB-13D2-4521-BDC8-CDC3C8F71FD3}.ReleaseWin10|x64.ActiveCfg = Release|Win32
		{3D74A8EB-13D2-4521-BDC8-CDC3C8F71FD3}.ReleaseWin10|x64.Build.0 = Release|Win32
		{3D74A8EB-13D2-4521-BDC8-CDC3C8F71FD3}.Release-Win7|Win32.ActiveCfg = Release|Win32
		{3D74A8EB-13D2-4521-BDC8-CDC3C8F71FD3}.Release-Win7|Win32.Build.0 = Release|Win32
		{3D74A8EB-13D2-4521-BDC8-CDC3C8F71FD3}.Release-Win7|x64.ActiveCfg = Release|Win32
		{3D74A8EB-13D2-4521-BDC8-CDC3C8F71FD3}.Release-Win7|x64.Build.0 = Release|Win32
		{3D74A8EB-13D2-4521-BDC8-CDC3C8F71FD3}.retail|Win32.ActiveCfg = Release|Win32
		{3D74A8EB-13D2-4521-BDC8-CDC3C8F71FD3}.retail|Win32.Build.0 = Release|Win32
		{3D74A8EB-13D2-4521-BDC8-CDC3C8F71FD3}.retail|x64.ActiveCfg = Release|Win32
		{3D74A8EB-13D2-4521-BDC8-CDC3C8F71FD3}.retail|x64.Build.0 = Release|Win32
		{3D74A8EB-13D2-4521-BDC8-CDC3C8F71FD3}.speedbug|Win32.ActiveCfg = Release|Win32
		{3D74A8EB-13D2-4521-BDC8-CDC3C8F71FD3}.speedbug|Win32.Build.0 = Release|Win32
		{3D74A8EB-13D2-4521-BDC8-CDC3C8F71FD3}.speedbug|x64.ActiveCfg = Release|Win32
		{3D74A8EB-13D2-4521-BDC8-CDC3C8F71FD3}.speedbug|x64.Build.0 = Release|Win32
		{3D74A8EB-13D2-4521-BDC8-CDC3C8F71FD3}.speedbugWin10|Win32.ActiveCfg = Release|Win32
		{3D74A8EB-13D2-4521-BDC8-CDC3C8F71FD3}.speedbugWin10|Win32.Build.0 = Release|Win32
		{3D74A8EB-13D2-4521-BDC8-CDC3C8F71FD3}.speedbugWin10|x64.ActiveCfg = Release|Win32
		{3D74A8EB-13D2-4521-BDC8-CDC3C8F71FD3}.speedbugWin10|x64.Build.0 = Release|Win32
		{D7673B02-3CB5-4914-A932-754DD756AF3D}.Debug|Win32.ActiveCfg = Debug|Win32
		{D7673B02-3CB5-4914-A932-754DD756AF3D}.Debug|Win32.Build.0 = Debug|Win32
		{D7673B02-3CB5-4914-A932-754DD756AF3D}.Debug|x64.ActiveCfg = Debug|x64
		{D7673B02-3CB5-4914-A932-754DD756AF3D}.Debug|x64.Build.0 = Debug|x64
		{D7673B02-3CB5-4914-A932-754DD756AF3D}.DebugWin10|Win32.ActiveCfg = Debug|Win32
		{D7673B02-3CB5-4914-A932-754DD756AF3D}.DebugWin10|Win32.Build.0 = Debug|Win32
		{D7673B02-3CB5-4914-A932-754DD756AF3D}.DebugWin10|x64.ActiveCfg = Debug|x64
		{D7673B02-3CB5-4914-A932-754DD756AF3D}.DebugWin10|x64.Build.0 = Debug|x64
		{D7673B02-3CB5-4914-A932-754DD756AF3D}.Release|Win32.ActiveCfg = Release|Win32
		{D7673B02-3CB5-4914-A932-754DD756AF3D}.Release|Win32.Build.0 = Release|Win32
		{D7673B02-3CB5-4914-A932-754DD756AF3D}.Release|x64.ActiveCfg = Release|x64
		{D7673B02-3CB5-4914-A932-754DD756AF3D}.Release|x64.Build.0 = Release|x64
		{D7673B02-3CB5-4914-A932-754DD756AF3D}.ReleaseWin10|Win32.ActiveCfg = Release|Win32
		{D7673B02-3CB5-4914-A932-754DD756AF3D}.ReleaseWin10|Win32.Build.0 = Release|Win32
		{D7673B02-3CB5-4914-A932-754DD756AF3D}.ReleaseWin10|x64.ActiveCfg = Release|x64
		{D7673B02-3CB5-4914-A932-754DD756AF3D}.ReleaseWin10|x64.Build.0 = Release|x64
		{D7673B02-3CB5-4914-A932-754DD756AF3D}.Release-Win7|Win32.ActiveCfg = Release|Win32
		{D7673B02-3CB5-4914-A932-754DD756AF3D}.Release-Win7|Win32.Build.0 = Release|Win32
		{D7673B02-3CB5-4914-A932-754DD756AF3D}.Release-Win7|x64.ActiveCfg = Release|x64
		{D7673B02-3CB5-4914-A932-754DD756AF3D}.Release-Win7|x64.Build.0 = Release|x64
		{D7673B02-3CB5-4914-A932-754DD756AF3D}.retail|Win32.ActiveCfg = retail|Win32
		{D7673B02-3CB5-4914-A932-754DD756AF3D}.retail|Win32.Build.0 = retail|Win32
		{D7673B02-3CB5-4914-A932-754DD756AF3D}.retail|x64.ActiveCfg = retail|x64
		{D7673B02-3CB5-4914-A932-754DD756AF3D}.retail|x64.Build.0 = retail|x64
		{D7673B02-3CB5-4914-A932-754DD756AF3D}.speedbug|Win32.ActiveCfg = retail|Win32
		{D7673B02-3CB5-4914-A932-754DD756AF3D}.speedbug|Win32.Build.0 = retail|Win32
		{D7673B02-3CB5-4914-A932-754DD756AF3D}.speedbug|x64.ActiveCfg = retail|x64
		{D7673B02-3CB5-4914-A932-754DD756AF3D}.speedbug|x64.Build.0 = retail|x64
		{D7673B02-3CB5-4914-A932-754DD756AF3D}.speedbugWin10|Win32.ActiveCfg = retail|Win32
		{D7673B02-3CB5-4914-A932-754DD756AF3D}.speedbugWin10|Win32.Build.0 = retail|Win32
		{D7673B02-3CB5-4914-A932-754DD756AF3D}.speedbugWin10|x64.ActiveCfg = retail|x64
		{D7673B02-3CB5-4914-A932-754DD756AF3D}.speedbugWin10|x64.Build.0 = retail|x64
		{0EFEFAD0-1D3C-46E4-AFCD-4E80E24FC81A}.Debug|Win32.ActiveCfg = Debug|Win32
		{0EFEFAD0-1D3C-46E4-AFCD-4E80E24FC81A}.Debug|Win32.Build.0 = Debug|Win32
		{0EFEFAD0-1D3C-46E4-AFCD-4E80E24FC81A}.Debug|x64.ActiveCfg = Debug|x64
		{0EFEFAD0-1D3C-46E4-AFCD-4E80E24FC81A}.Debug|x64.Build.0 = Debug|x64
		{0EFEFAD0-1D3C-46E4-AFCD-4E80E24FC81A}.DebugWin10|Win32.ActiveCfg = Debug|Win32
		{0EFEFAD0-1D3C-46E4-AFCD-4E80E24FC81A}.DebugWin10|Win32.Build.0 = Debug|Win32
		{0EFEFAD0-1D3C-46E4-AFCD-4E80E24FC81A}.DebugWin10|x64.ActiveCfg = Debug|x64
		{0EFEFAD0-1D3C-46E4-AFCD-4E80E24FC81A}.DebugWin10|x64.Build.0 = Debug|x64
		{0EFEFAD0-1D3C-46E4-AFCD-4E80E24FC81A}.Release|Win32.ActiveCfg = Release|Win32
		{0EFEFAD0-1D3C-46E4-AFCD-4E80E24FC81A}.Release|Win32.Build.0 = Release|Win32
		{0EFEFAD0-1D3C-46E4-AFCD-4E80E24FC81A}.Release|x64.ActiveCfg = Release|x64
		{0EFEFAD0-1D3C-46E4-AFCD-4E80E24FC81A}.Release|x64.Build.0 = Release|x64
		{0EFEFAD0-1D3C-46E4-AFCD-4E80E24FC81A}.ReleaseWin10|Win32.ActiveCfg = Release|Win32
		{0EFEFAD0-1D3C-46E4-AFCD-4E80E24FC81A}.ReleaseWin10|Win32.Build.0 = Release|Win32
		{0EFEFAD0-1D3C-46E4-AFCD-4E80E24FC81A}.ReleaseWin10|x64.ActiveCfg = Release|x64
		{0EFEFAD0-1D3C-46E4-AFCD-4E80E24FC81A}.ReleaseWin10|x64.Build.0 = Release|x64
		{0EFEFAD0-1D3C-46E4-AFCD-4E80E24FC81A}.Release-Win7|Win32.ActiveCfg = Release|Win32
		{0EFEFAD0-1D3C-46E4-AFCD-4E80E24FC81A}.Release-Win7|Win32.Build.0 = Release|Win32
		{0EFEFAD0-1D3C-46E4-AFCD-4E80E24FC81A}.Release-Win7|x64.ActiveCfg = Release|x64
		{0EFEFAD0-1D3C-46E4-AFCD-4E80E24FC81A}.Release-Win7|x64.Build.0 = Release|x64
		{0EFEFAD0-1D3C-46E4-AFCD-4E80E24FC81A}.retail|Win32.ActiveCfg = retail|Win32
		{0EFEFAD0-1D3C-46E4-AFCD-4E80E24FC81A}.retail|Win32.Build.0 = retail|Win32
		{0EFEFAD0-1D3C-46E4-AFCD-4E80E24FC81A}.retail|x64.ActiveCfg = retail|x64
		{0EFEFAD0-1D3C-46E4-AFCD-4E80E24FC81A}.retail|x64.Build.0 = retail|x64
		{0EFEFAD0-1D3C-46E4-AFCD-4E80E24FC81A}.speedbug|Win32.ActiveCfg = retail|Win32
		{0EFEFAD0-1D3C-46E4-AFCD-4E80E24FC81A}.speedbug|Win32.Build.0 = retail|Win32
		{0EFEFAD0-1D3C-46E4-AFCD-4E80E24FC81A}.speedbug|x64.ActiveCfg = retail|x64
		{0EFEFAD0-1D3C-46E4-AFCD-4E80E24FC81A}.speedbug|x64.Build.0 = retail|x64
		{0EFEFAD0-1D3C-46E4-AFCD-4E80E24FC81A}.speedbugWin10|Win32.ActiveCfg = retail|Win32
		{0EFEFAD0-1D3C-46E4-AFCD-4E80E24FC81A}.speedbugWin10|Win32.Build.0 = retail|Win32
		{0EFEFAD0-1D3C-46E4-AFCD-4E80E24FC81A}.speedbugWin10|x64.ActiveCfg = retail|x64
		{0EFEFAD0-1D3C-46E4-AFCD-4E80E24FC81A}.speedbugWin10|x64.Build.0 = retail|x64
		{D790FD89-3429-4A85-AB26-683D1ECD33CE}.Debug|Win32.ActiveCfg = Debug|Win32
		{D790FD89-3429-4A85-AB26-683D1ECD33CE}.Debug|Win32.Build.0 = Debug|Win32
		{D790FD89-3429-4A85-AB26-683D1ECD33CE}.Debug|x64.ActiveCfg = Debug|x64
		{D790FD89-3429-4A85-AB26-683D1ECD33CE}.Debug|x64.Build.0 = Debug|x64
		{D790FD89-3429-4A85-AB26-683D1ECD33CE}.DebugWin10|Win32.ActiveCfg = Debug|Win32
		{D790FD89-3429-4A85-AB26-683D1ECD33CE}.DebugWin10|Win32.Build.0 = Debug|Win32
		{D790FD89-3429-4A85-AB26-683D1ECD33CE}.DebugWin10|x64.ActiveCfg = Debug|x64
		{D790FD89-3429-4A85-AB26-683D1ECD33CE}.DebugWin10|x64.Build.0 = Debug|x64
		{D790FD89-3429-4A85-AB26-683D1ECD33CE}.Release|Win32.ActiveCfg = Release|Win32
		{D790FD89-3429-4A85-AB26-683D1ECD33CE}.Release|Win32.Build.0 = Release|Win32
		{D790FD89-3429-4A85-AB26-683D1ECD33CE}.Release|x64.ActiveCfg = Release|x64
		{D790FD89-3429-4A85-AB26-683D1ECD33CE}.Release|x64.Build.0 = Release|x64
		{D790FD89-3429-4A85-AB26-683D1ECD33CE}.ReleaseWin10|Win32.ActiveCfg = Release|Win32
		{D790FD89-3429-4A85-AB26-683D1ECD33CE}.ReleaseWin10|Win32.Build.0 = Release|Win32
		{D790FD89-3429-4A85-AB26-683D1ECD33CE}.ReleaseWin10|x64.ActiveCfg = Release|x64
		{D790FD89-3429-4A85-AB26-683D1ECD33CE}.ReleaseWin10|x64.Build.0 = Release|x64
		{D790FD89-3429-4A85-AB26-683D1ECD33CE}.Release-Win7|Win32.ActiveCfg = Release|Win32
		{D790FD89-3429-4A85-AB26-683D1ECD33CE}.Release-Win7|Win32.Build.0 = Release|Win32
		{D790FD89-3429-4A85-AB26-683D1ECD33CE}.Release-Win7|x64.ActiveCfg = Release|x64
		{D790FD89-3429-4A85-AB26-683D1ECD33CE}.Release-Win7|x64.Build.0 = Release|x64
		{D790FD89-3429-4A85-AB26-683D1ECD33CE}.retail|Win32.ActiveCfg = retail|Win32
		{D790FD89-3429-4A85-AB26-683D1ECD33CE}.retail|Win32.Build.0 = retail|Win32
		{D790FD89-3429-4A85-AB26-683D1ECD33CE}.retail|x64.ActiveCfg = retail|x64
		{D790FD89-3429-4A85-AB26-683D1ECD33CE}.retail|x64.Build.0 = retail|x64
		{D790FD89-3429-4A85-AB26-683D1ECD33CE}.speedbug|Win32.ActiveCfg = retail|Win32
		{D790FD89-3429-4A85-AB26-683D1ECD33CE}.speedbug|Win32.Build.0 = retail|Win32
		{D790FD89-3429-4A85-AB26-683D1ECD33CE}.speedbug|x64.ActiveCfg = retail|x64
		{D790FD89-3429-4A85-AB26-683D1ECD33CE}.speedbug|x64.Build.0 = retail|x64
		{D790FD89-3429-4A85-AB26-683D1ECD33CE}.speedbugWin10|Win32.ActiveCfg = retail|Win32
		{D790FD89-3429-4A85-AB26-683D1ECD33CE}.speedbugWin10|Win32.Build.0 = retail|Win32
		{D790FD89-3429-4A85-AB26-683D1ECD33CE}.speedbugWin10|x64.ActiveCfg = retail|x64
		{D790FD89-3429-4A85-AB26-683D1ECD33CE}.speedbugWin10|x64.Build.0 = retail|x64
		{A855BDAF-0532-4E62-9278-A68E138618A8}.Debug|Win32.ActiveCfg = Debug|Win32
		{A855BDAF-0532-4E62-9278-A68E138618A8}.Debug|Win32.Build.0 = Debug|Win32
		{A855BDAF-0532-4E62-9278-A68E138618A8}.Debug|x64.ActiveCfg = Debug|x64
		{A855BDAF-0532-4E62-9278-A68E138618A8}.Debug|x64.Build.0 = Debug|x64
		{A855BDAF-0532-4E62-9278-A68E138618A8}.DebugWin10|Win32.ActiveCfg = Debug|Win32
		{A855BDAF-0532-4E62-9278-A68E138618A8}.DebugWin10|Win32.Build.0 = Debug|Win32
		{A855BDAF-0532-4E62-9278-A68E138618A8}.DebugWin10|x64.ActiveCfg = Debug|x64
		{A855BDAF-0532-4E62-9278-A68E138618A8}.DebugWin10|x64.Build.0 = Debug|x64
		{A855BDAF-0532-4E62-9278-A68E138618A8}.Release|Win32.ActiveCfg = Release|Win32
		{A855BDAF-0532-4E62-9278-A68E138618A8}.Release|Win32.Build.0 = Release|Win32
		{A855BDAF-0532-4E62-9278-A68E138618A8}.Release|x64.ActiveCfg = Release|x64
		{A855BDAF-0532-4E62-9278-A68E138618A8}.Release|x64.Build.0 = Release|x64
		{A855BDAF-0532-4E62-9278-A68E138618A8}.ReleaseWin10|Win32.ActiveCfg = Release|Win32
		{A855BDAF-0532-4E62-9278-A68E138618A8}.ReleaseWin10|Win32.Build.0 = Release|Win32
		{A855BDAF-0532-4E62-9278-A68E138618A8}.ReleaseWin10|x64.ActiveCfg = Release|x64
		{A855BDAF-0532-4E62-9278-A68E138618A8}.ReleaseWin10|x64.Build.0 = Release|x64
		{A855BDAF-0532-4E62-9278-A68E138618A8}.Release-Win7|Win32.ActiveCfg = Release|Win32
		{A855BDAF-0532-4E62-9278-A68E138618A8}.Release-Win7|Win32.Build.0 = Release|Win32
		{A855BDAF-0532-4E62-9278-A68E138618A8}.Release-Win7|x64.ActiveCfg = Release|x64
		{A855BDAF-0532-4E62-9278-A68E138618A8}.Release-Win7|x64.Build.0 = Release|x64
		{A855BDAF-0532-4E62-9278-A68E138618A8}.retail|Win32.ActiveCfg = retail|Win32
		{A855BDAF-0532-4E62-9278-A68E138618A8}.retail|Win32.Build.0 = retail|Win32
		{A855BDAF-0532-4E62-9278-A68E138618A8}.retail|x64.ActiveCfg = retail|x64
		{A855BDAF-0532-4E62-9278-A68E138618A8}.retail|x64.Build.0 = retail|x64
		{A855BDAF-0532-4E62-9278-A68E138618A8}.speedbug|Win32.ActiveCfg = retail|Win32
		{A855BDAF-0532-4E62-9278-A68E138618A8}.speedbug|Win32.Build.0 = retail|Win32
		{A855BDAF-0532-4E62-9278-A68E138618A8}.speedbug|x64.ActiveCfg = retail|x64
		{A855BDAF-0532-4E62-9278-A68E138618A8}.speedbug|x64.Build.0 = retail|x64
		{A855BDAF-0532-4E62-9278-A68E138618A8}.speedbugWin10|Win32.ActiveCfg = retail|Win32
		{A855BDAF-0532-4E62-9278-A68E138618A8}.speedbugWin10|Win32.Build.0 = retail|Win32
		{A855BDAF-0532-4E62-9278-A68E138618A8}.speedbugWin10|x64.ActiveCfg = retail|x64
		{A855BDAF-0532-4E62-9278-A68E138618A8}.speedbugWin10|x64.Build.0 = retail|x64
		{E24D1163-F923-43F3-A8C4-CB4C2A258E2A}.Debug|Win32.ActiveCfg = Debug|Win32
		{E24D1163-F923-43F3-A8C4-CB4C2A258E2A}.Debug|Win32.Build.0 = Debug|Win32
		{E24D1163-F923-43F3-A8C4-CB4C2A258E2A}.Debug|x64.ActiveCfg = Debug|x64
		{E24D1163-F923-43F3-A8C4-CB4C2A258E2A}.Debug|x64.Build.0 = Debug|x64
		{E24D1163-F923-43F3-A8C4-CB4C2A258E2A}.DebugWin10|Win32.ActiveCfg = Debug|Win32
		{E24D1163-F923-43F3-A8C4-CB4C2A258E2A}.DebugWin10|Win32.Build.0 = Debug|Win32
		{E24D1163-F923-43F3-A8C4-CB4C2A258E2A}.DebugWin10|x64.ActiveCfg = Debug|x64
		{E24D1163-F923-43F3-A8C4-CB4C2A258E2A}.DebugWin10|x64.Build.0 = Debug|x64
		{E24D1163-F923-43F3-A8C4-CB4C2A258E2A}.Release|Win32.ActiveCfg = Release|Win32
		{E24D1163-F923-43F3-A8C4-CB4C2A258E2A}.Release|Win32.Build.0 = Release|Win32
		{E24D1163-F923-43F3-A8C4-CB4C2A258E2A}.Release|x64.ActiveCfg = Release|x64
		{E24D1163-F923-43F3-A8C4-CB4C2A258E2A}.Release|x64.Build.0 = Release|x64
		{E24D1163-F923-43F3-A8C4-CB4C2A258E2A}.ReleaseWin10|Win32.ActiveCfg = Release|Win32
		{E24D1163-F923-43F3-A8C4-CB4C2A258E2A}.ReleaseWin10|Win32.Build.0 = Release|Win32
		{E24D1163-F923-43F3-A8C4-CB4C2A258E2A}.ReleaseWin10|x64.ActiveCfg = Release|x64
		{E24D1163-F923-43F3-A8C4-CB4C2A258E2A}.ReleaseWin10|x64.Build.0 = Release|x64
		{E24D1163-F923-43F3-A8C4-CB4C2A258E2A}.Release-Win7|Win32.ActiveCfg = Release|Win32
		{E24D1163-F923-43F3-A8C4-CB4C2A258E2A}.Release-Win7|Win32.Build.0 = Release|Win32
		{E24D1163-F923-43F3-A8C4-CB4C2A258E2A}.Release-Win7|x64.ActiveCfg = Release|x64
		{E24D1163-F923-43F3-A8C4-CB4C2A258E2A}.Release-Win7|x64.Build.0 = Release|x64
		{E24D1163-F923-43F3-A8C4-CB4C2A258E2A}.retail|Win32.ActiveCfg = retail|Win32
		{E24D1163-F923-43F3-A8C4-CB4C2A258E2A}.retail|Win32.Build.0 = retail|Win32
		{E24D1163-F923-43F3-A8C4-CB4C2A258E2A}.retail|x64.ActiveCfg = retail|x64
		{E24D1163-F923-43F3-A8C4-CB4C2A258E2A}.retail|x64.Build.0 = retail|x64
		{E24D1163-F923-43F3-A8C4-CB4C2A258E2A}.speedbug|Win32.ActiveCfg = retail|Win32
		{E24D1163-F923-43F3-A8C4-CB4C2A258E2A}.speedbug|Win32.Build.0 = retail|Win32
		{E24D1163-F923-43F3-A8C4-CB4C2A258E2A}.speedbug|x64.ActiveCfg = retail|x64
		{E24D1163-F923-43F3-A8C4-CB4C2A258E2A}.speedbug|x64.Build.0 = retail|x64
		{E24D1163-F923-43F3-A8C4-CB4C2A258E2A}.speedbugWin10|Win32.ActiveCfg = retail|Win32
		{E24D1163-F923-43F3-A8C4-CB4C2A258E2A}.speedbugWin10|Win32.Build.0 = retail|Win32
		{E24D1163-F923-43F3-A8C4-CB4C2A258E2A}.speedbugWin10|x64.ActiveCfg = retail|x64
		{E24D1163-F923-43F3-A8C4-CB4C2A258E2A}.speedbugWin10|x64.Build.0 = retail|x64
		{86D104DA-766E-4975-87EB-726FBFE11964}.Debug|Win32.ActiveCfg = Debug|Win32
		{86D104DA-766E-4975-87EB-726FBFE11964}.Debug|Win32.Build.0 = Debug|Win32
		{86D104DA-766E-4975-87EB-726FBFE11964}.Debug|x64.ActiveCfg = Debug|x64
		{86D104DA-766E-4975-87EB-726FBFE11964}.Debug|x64.Build.0 = Debug|x64
		{86D104DA-766E-4975-87EB-726FBFE11964}.DebugWin10|Win32.ActiveCfg = Debug|Win32
		{86D104DA-766E-4975-87EB-726FBFE11964}.DebugWin10|Win32.Build.0 = Debug|Win32
		{86D104DA-766E-4975-87EB-726FBFE11964}.DebugWin10|x64.ActiveCfg = Debug|x64
		{86D104DA-766E-4975-87EB-726FBFE11964}.DebugWin10|x64.Build.0 = Debug|x64
		{86D104DA-766E-4975-87EB-726FBFE11964}.Release|Win32.ActiveCfg = Release|Win32
		{86D104DA-766E-4975-87EB-726FBFE11964}.Release|Win32.Build.0 = Release|Win32
		{86D104DA-766E-4975-87EB-726FBFE11964}.Release|x64.ActiveCfg = Release|x64
		{86D104DA-766E-4975-87EB-726FBFE11964}.Release|x64.Build.0 = Release|x64
		{86D104DA-766E-4975-87EB-726FBFE11964}.ReleaseWin10|Win32.ActiveCfg = Release|Win32
		{86D104DA-766E-4975-87EB-726FBFE11964}.ReleaseWin10|Win32.Build.0 = Release|Win32
		{86D104DA-766E-4975-87EB-726FBFE11964}.ReleaseWin10|x64.ActiveCfg = Release|x64
		{86D104DA-766E-4975-87EB-726FBFE11964}.ReleaseWin10|x64.Build.0 = Release|x64
		{86D104DA-766E-4975-87EB-726FBFE11964}.Release-Win7|Win32.ActiveCfg = Release|Win32
		{86D104DA-766E-4975-87EB-726FBFE11964}.Release-Win7|Win32.Build.0 = Release|Win32
		{86D104DA-766E-4975-87EB-726FBFE11964}.Release-Win7|x64.ActiveCfg = Release|x64
		{86D104DA-766E-4975-87EB-726FBFE11964}.Release-Win7|x64.Build.0 = Release|x64
		{86D104DA-766E-4975-87EB-726FBFE11964}.retail|Win32.ActiveCfg = retail|Win32
		{86D104DA-766E-4975-87EB-726FBFE11964}.retail|Win32.Build.0 = retail|Win32
		{86D104DA-766E-4975-87EB-726FBFE11964}.retail|x64.ActiveCfg = retail|x64
		{86D104DA-766E-4975-87EB-726FBFE11964}.retail|x64.Build.0 = retail|x64
		{86D104DA-766E-4975-87EB-726FBFE11964}.speedbug|Win32.ActiveCfg = retail|Win32
		{86D104DA-766E-4975-87EB-726FBFE11964}.speedbug|Win32.Build.0 = retail|Win32
		{86D104DA-766E-4975-87EB-726FBFE11964}.speedbug|x64.ActiveCfg = retail|x64
		{86D104DA-766E-4975-87EB-726FBFE11964}.speedbug|x64.Build.0 = retail|x64
		{86D104DA-766E-4975-87EB-726FBFE11964}.speedbugWin10|Win32.ActiveCfg = retail|Win32
		{86D104DA-766E-4975-87EB-726FBFE11964}.speedbugWin10|Win32.Build.0 = retail|Win32
		{86D104DA-766E-4975-87EB-726FBFE11964}.speedbugWin10|x64.ActiveCfg = retail|x64
		{86D104DA-766E-4975-87EB-726FBFE11964}.speedbugWin10|x64.Build.0 = retail|x64
		{D4E9200C-6008-4B2D-BFAD-EFC758F47FCA}.Debug|Win32.ActiveCfg = Debug|Win32
		{D4E9200C-6008-4B2D-BFAD-EFC758F47FCA}.Debug|Win32.Build.0 = Debug|Win32
		{D4E9200C-6008-4B2D-BFAD-EFC758F47FCA}.Debug|x64.ActiveCfg = Debug|x64
		{D4E9200C-6008-4B2D-BFAD-EFC758F47FCA}.Debug|x64.Build.0 = Debug|x64
		{D4E9200C-6008-4B2D-BFAD-EFC758F47FCA}.DebugWin10|Win32.ActiveCfg = Debug|Win32
		{D4E9200C-6008-4B2D-BFAD-EFC758F47FCA}.DebugWin10|Win32.Build.0 = Debug|Win32
		{D4E9200C-6008-4B2D-BFAD-EFC758F47FCA}.DebugWin10|x64.ActiveCfg = Debug|x64
		{D4E9200C-6008-4B2D-BFAD-EFC758F47FCA}.DebugWin10|x64.Build.0 = Debug|x64
		{D4E9200C-6008-4B2D-BFAD-EFC758F47FCA}.Release|Win32.ActiveCfg = Release|Win32
		{D4E9200C-6008-4B2D-BFAD-EFC758F47FCA}.Release|Win32.Build.0 = Release|Win32
		{D4E9200C-6008-4B2D-BFAD-EFC758F47FCA}.Release|x64.ActiveCfg = Release|x64
		{D4E9200C-6008-4B2D-BFAD-EFC758F47FCA}.Release|x64.Build.0 = Release|x64
		{D4E9200C-6008-4B2D-BFAD-EFC758F47FCA}.ReleaseWin10|Win32.ActiveCfg = Release|Win32
		{D4E9200C-6008-4B2D-BFAD-EFC758F47FCA}.ReleaseWin10|Win32.Build.0 = Release|Win32
		{D4E9200C-6008-4B2D-BFAD-EFC758F47FCA}.ReleaseWin10|x64.ActiveCfg = Release|x64
		{D4E9200C-6008-4B2D-BFAD-EFC758F47FCA}.ReleaseWin10|x64.Build.0 = Release|x64
		{D4E9200C-6008-4B2D-BFAD-EFC758F47FCA}.Release-Win7|Win32.ActiveCfg = Release|Win32
		{D4E9200C-6008-4B2D-BFAD-EFC758F47FCA}.Release-Win7|Win32.Build.0 = Release|Win32
		{D4E9200C-6008-4B2D-BFAD-EFC758F47FCA}.Release-Win7|x64.ActiveCfg = Release|x64
		{D4E9200C-6008-4B2D-BFAD-EFC758F47FCA}.Release-Win7|x64.Build.0 = Release|x64
		{D4E9200C-6008-4B2D-BFAD-EFC758F47FCA}.retail|Win32.ActiveCfg = retail|Win32
		{D4E9200C-6008-4B2D-BFAD-EFC758F47FCA}.retail|Win32.Build.0 = retail|Win32
		{D4E9200C-6008-4B2D-BFAD-EFC758F47FCA}.retail|x64.ActiveCfg = retail|x64
		{D4E9200C-6008-4B2D-BFAD-EFC758F47FCA}.retail|x64.Build.0 = retail|x64
		{D4E9200C-6008-4B2D-BFAD-EFC758F47FCA}.speedbug|Win32.ActiveCfg = retail|Win32
		{D4E9200C-6008-4B2D-BFAD-EFC758F47FCA}.speedbug|Win32.Build.0 = retail|Win32
		{D4E9200C-6008-4B2D-BFAD-EFC758F47FCA}.speedbug|x64.ActiveCfg = retail|x64
		{D4E9200C-6008-4B2D-BFAD-EFC758F47FCA}.speedbug|x64.Build.0 = retail|x64
		{D4E9200C-6008-4B2D-BFAD-EFC758F47FCA}.speedbugWin10|Win32.ActiveCfg = retail|Win32
		{D4E9200C-6008-4B2D-BFAD-EFC758F47FCA}.speedbugWin10|Win32.Build.0 = retail|Win32
		{D4E9200C-6008-4B2D-BFAD-EFC758F47FCA}.speedbugWin10|x64.ActiveCfg = retail|x64
		{D4E9200C-6008-4B2D-BFAD-EFC758F47FCA}.speedbugWin10|x64.Build.0 = retail|x64
		{3B229936-F72E-4CFE-8C5C-136FA00E1360}.Debug|Win32.ActiveCfg = Debug|Win32
		{3B229936-F72E-4CFE-8C5C-136FA00E1360}.Debug|Win32.Build.0 = Debug|Win32
		{3B229936-F72E-4CFE-8C5C-136FA00E1360}.Debug|x64.ActiveCfg = Debug|x64
		{3B229936-F72E-4CFE-8C5C-136FA00E1360}.Debug|x64.Build.0 = Debug|x64
		{3B229936-F72E-4CFE-8C5C-136FA00E1360}.DebugWin10|Win32.ActiveCfg = Debug|Win32
		{3B229936-F72E-4CFE-8C5C-136FA00E1360}.DebugWin10|Win32.Build.0 = Debug|Win32
		{3B229936-F72E-4CFE-8C5C-136FA00E1360}.DebugWin10|x64.ActiveCfg = Debug|x64
		{3B229936-F72E-4CFE-8C5C-136FA00E1360}.DebugWin10|x64.Build.0 = Debug|x64
		{3B229936-F72E-4CFE-8C5C-136FA00E1360}.Release|Win32.ActiveCfg = Release|Win32
		{3B229936-F72E-4CFE-8C5C-136FA00E1360}.Release|Win32.Build.0 = Release|Win32
		{3B229936-F72E-4CFE-8C5C-136FA00E1360}.Release|x64.ActiveCfg = Release|x64
		{3B229936-F72E-4CFE-8C5C-136FA00E1360}.Release|x64.Build.0 = Release|x64
		{3B229936-F72E-4CFE-8C5C-136FA00E1360}.ReleaseWin10|Win32.ActiveCfg = Release|Win32
		{3B229936-F72E-4CFE-8C5C-136FA00E1360}.ReleaseWin10|Win32.Build.0 = Release|Win32
		{3B229936-F72E-4CFE-8C5C-136FA00E1360}.ReleaseWin10|x64.ActiveCfg = Release|x64
		{3B229936-F72E-4CFE-8C5C-136FA00E1360}.ReleaseWin10|x64.Build.0 = Release|x64
		{3B229936-F72E-4CFE-8C5C-136FA00E1360}.Release-Win7|Win32.ActiveCfg = Release|Win32
		{3B229936-F72E-4CFE-8C5C-136FA00E1360}.Release-Win7|Win32.Build.0 = Release|Win32
		{3B229936-F72E-4CFE-8C5C-136FA00E1360}.Release-Win7|x64.ActiveCfg = Release|x64
		{3B229936-F72E-4CFE-8C5C-136FA00E1360}.Release-Win7|x64.Build.0 = Release|x64
		{3B229936-F72E-4CFE-8C5C-136FA00E1360}.retail|Win32.ActiveCfg = Release|Win32
		{3B229936-F72E-4CFE-8C5C-136FA00E1360}.retail|Win32.Build.0 = Release|Win32
		{3B229936-F72E-4CFE-8C5C-136FA00E1360}.retail|x64.ActiveCfg = Release|x64
		{3B229936-F72E-4CFE-8C5C-136FA00E1360}.retail|x64.Build.0 = Release|x64
		{3B229936-F72E-4CFE-8C5C-136FA00E1360}.speedbug|Win32.ActiveCfg = Release|Win32
		{3B229936-F72E-4CFE-8C5C-136FA00E1360}.speedbug|Win32.Build.0 = Release|Win32
		{3B229936-F72E-4CFE-8C5C-136FA00E1360}.speedbug|x64.ActiveCfg = Release|x64
		{3B229936-F72E-4CFE-8C5C-136FA00E1360}.speedbug|x64.Build.0 = Release|x64
		{3B229936-F72E-4CFE-8C5C-136FA00E1360}.speedbugWin10|Win32.ActiveCfg = Release|Win32
		{3B229936-F72E-4CFE-8C5C-136FA00E1360}.speedbugWin10|Win32.Build.0 = Release|Win32
		{3B229936-F72E-4CFE-8C5C-136FA00E1360}.speedbugWin10|x64.ActiveCfg = Release|x64
		{3B229936-F72E-4CFE-8C5C-136FA00E1360}.speedbugWin10|x64.Build.0 = Release|x64
		{B4E3FA26-3A8A-475A-B6B8-D94A85AC95AD}.Debug|Win32.ActiveCfg = Debug|Win32
		{B4E3FA26-3A8A-475A-B6B8-D94A85AC95AD}.Debug|Win32.Build.0 = Debug|Win32
		{B4E3FA26-3A8A-475A-B6B8-D94A85AC95AD}.Debug|x64.ActiveCfg = Debug|x64
		{B4E3FA26-3A8A-475A-B6B8-D94A85AC95AD}.Debug|x64.Build.0 = Debug|x64
		{B4E3FA26-3A8A-475A-B6B8-D94A85AC95AD}.DebugWin10|Win32.ActiveCfg = Debug|Win32
		{B4E3FA26-3A8A-475A-B6B8-D94A85AC95AD}.DebugWin10|Win32.Build.0 = Debug|Win32
		{B4E3FA26-3A8A-475A-B6B8-D94A85AC95AD}.DebugWin10|x64.ActiveCfg = Debug|x64
		{B4E3FA26-3A8A-475A-B6B8-D94A85AC95AD}.DebugWin10|x64.Build.0 = Debug|x64
		{B4E3FA26-3A8A-475A-B6B8-D94A85AC95AD}.Release|Win32.ActiveCfg = Release|Win32
		{B4E3FA26-3A8A-475A-B6B8-D94A85AC95AD}.Release|Win32.Build.0 = Release|Win32
		{B4E3FA26-3A8A-475A-B6B8-D94A85AC95AD}.Release|x64.ActiveCfg = Release|x64
		{B4E3FA26-3A8A-475A-B6B8-D94A85AC95AD}.Release|x64.Build.0 = Release|x64
		{B4E3FA26-3A8A-475A-B6B8-D94A85AC95AD}.ReleaseWin10|Win32.ActiveCfg = Release|Win32
		{B4E3FA26-3A8A-475A-B6B8-D94A85AC95AD}.ReleaseWin10|Win32.Build.0 = Release|Win32
		{B4E3FA26-3A8A-475A-B6B8-D94A85AC95AD}.ReleaseWin10|x64.ActiveCfg = Release|x64
		{B4E3FA26-3A8A-475A-B6B8-D94A85AC95AD}.ReleaseWin10|x64.Build.0 = Release|x64
		{B4E3FA26-3A8A-475A-B6B8-D94A85AC95AD}.Release-Win7|Win32.ActiveCfg = Release|Win32
		{B4E3FA26-3A8A-475A-B6B8-D94A85AC95AD}.Release-Win7|Win32.Build.0 = Release|Win32
		{B4E3FA26-3A8A-475A-B6B8-D94A85AC95AD}.Release-Win7|x64.ActiveCfg = Release|x64
		{B4E3FA26-3A8A-475A-B6B8-D94A85AC95AD}.Release-Win7|x64.Build.0 = Release|x64
		{B4E3FA26-3A8A-475A-B6B8-D94A85AC95AD}.retail|Win32.ActiveCfg = Release|Win32
		{B4E3FA26-3A8A-475A-B6B8-D94A85AC95AD}.retail|Win32.Build.0 = Release|Win32
		{B4E3FA26-3A8A-475A-B6B8-D94A85AC95AD}.retail|x64.ActiveCfg = Release|x64
		{B4E3FA26-3A8A-475A-B6B8-D94A85AC95AD}.retail|x64.Build.0 = Release|x64
		{B4E3FA26-3A8A-475A-B6B8-D94A85AC95AD}.speedbug|Win32.ActiveCfg = Release|Win32
		{B4E3FA26-3A8A-475A-B6B8-D94A85AC95AD}.speedbug|Win32.Build.0 = Release|Win32
		{B4E3FA26-3A8A-475A-B6B8-D94A85AC95AD}.speedbug|x64.ActiveCfg = Release|x64
		{B4E3FA26-3A8A-475A-B6B8-D94A85AC95AD}.speedbug|x64.Build.0 = Release|x64
		{B4E3FA26-3A8A-475A-B6B8-D94A85AC95AD}.speedbugWin10|Win32.ActiveCfg = Release|Win32
		{B4E3FA26-3A8A-475A-B6B8-D94A85AC95AD}.speedbugWin10|Win32.Build.0 = Release|Win32
		{B4E3FA26-3A8A-475A-B6B8-D94A85AC95AD}.speedbugWin10|x64.ActiveCfg = Release|x64
		{B4E3FA26-3A8A-475A-B6B8-D94A85AC95AD}.speedbugWin10|x64.Build.0 = Release|x64
	EndGlobalSection
	GlobalSection(SolutionProperties) = preSolution
		HideSolutionNode = FALSE
	EndGlobalSection
	GlobalSection(ExtensibilityGlobals) = postSolution
		SolutionGuid = {A82B9299-15C7-458B-8F6A-0EAE80DDD998}
	EndGlobalSection
EndGlobal
